
Microsoft Visual Studio Solution File, Format Version 12.00
# Visual Studio Version 17
VisualStudioVersion = 17.12.35417.141 d17.12
MinimumVisualStudioVersion = 10.0.40219.1
Project("{FAE04EC0-301F-11D3-BF4B-00C04F79EFBC}") = "SchedulR", "SchedulR.csproj", "{BFE9C197-9D14-4DD0-8B4E-661CCE64FEC3}"
EndProject
Project("{FAE04EC0-301F-11D3-BF4B-00C04F79EFBC}") = "SchedulR.Tests", "..\SchedulR.Tests\SchedulR.Tests.csproj", "{FAF4A471-CFC5-4149-9D94-4290739439FC}"
EndProject
Global
	GlobalSection(SolutionConfigurationPlatforms) = preSolution
		Debug|Any CPU = Debug|Any CPU
		Release|Any CPU = Release|Any CPU
	EndGlobalSection
	GlobalSection(ProjectConfigurationPlatforms) = postSolution
		{BFE9C197-9D14-4DD0-8B4E-661CCE64FEC3}.Debug|Any CPU.ActiveCfg = Debug|Any CPU
		{BFE9C197-9D14-4DD0-8B4E-661CCE64FEC3}.Debug|Any CPU.Build.0 = Debug|Any CPU
		{BFE9C197-9D14-4DD0-8B4E-661CCE64FEC3}.Release|Any CPU.ActiveCfg = Release|Any CPU
		{BFE9C197-9D14-4DD0-8B4E-661CCE64FEC3}.Release|Any CPU.Build.0 = Release|Any CPU
		{FAF4A471-CFC5-4149-9D94-4290739439FC}.Debug|Any CPU.ActiveCfg = Debug|Any CPU
		{FAF4A471-CFC5-4149-9D94-4290739439FC}.Debug|Any CPU.Build.0 = Debug|Any CPU
		{FAF4A471-CFC5-4149-9D94-4290739439FC}.Release|Any CPU.ActiveCfg = Release|Any CPU
		{FAF4A471-CFC5-4149-9D94-4290739439FC}.Release|Any CPU.Build.0 = Release|Any CPU
	EndGlobalSection
	GlobalSection(SolutionProperties) = preSolution
		HideSolutionNode = FALSE
	EndGlobalSection
EndGlobal
